// !$*UTF8*$!
{
	archiveVersion = 1;
	classes = {
	};
	objectVersion = 77;
	objects = {

/* Begin PBXContainerItemProxy section */
		2345444B2E29F22200DA22C9 /* PBXContainerItemProxy */ = {
			isa = PBXContainerItemProxy;
			containerPortal = 234544352E29F22000DA22C9 /* Project object */;
			proxyType = 1;
			remoteGlobalIDString = 2345443C2E29F22000DA22C9;
			remoteInfo = GainsIQMobile;
		};
		234544552E29F22200DA22C9 /* PBXContainerItemProxy */ = {
			isa = PBXContainerItemProxy;
			containerPortal = 234544352E29F22000DA22C9 /* Project object */;
			proxyType = 1;
			remoteGlobalIDString = 2345443C2E29F22000DA22C9;
			remoteInfo = GainsIQMobile;
		};
/* End PBXContainerItemProxy section */

/* Begin PBXFileReference section */
		2345443D2E29F22000DA22C9 /* GainsIQMobile.app */ = {isa = PBXFileReference; explicitFileType = wrapper.application; includeInIndex = 0; path = GainsIQMobile.app; sourceTree = BUILT_PRODUCTS_DIR; };
		2345444A2E29F22200DA22C9 /* GainsIQMobileTests.xctest */ = {isa = PBXFileReference; explicitFileType = wrapper.cfbundle; includeInIndex = 0; path = GainsIQMobileTests.xctest; sourceTree = BUILT_PRODUCTS_DIR; };
		234544542E29F22200DA22C9 /* GainsIQMobileUITests.xctest */ = {isa = PBXFileReference; explicitFileType = wrapper.cfbundle; includeInIndex = 0; path = GainsIQMobileUITests.xctest; sourceTree = BUILT_PRODUCTS_DIR; };
/* End PBXFileReference section */

/* Begin PBXFileSystemSynchronizedRootGroup section */
		2345443F2E29F22000DA22C9 /* GainsIQMobile */ = {
			isa = PBXFileSystemSynchronizedRootGroup;
			path = GainsIQMobile;
			sourceTree = "<group>";
		};
		2345444D2E29F22200DA22C9 /* GainsIQMobileTests */ = {
			isa = PBXFileSystemSynchronizedRootGroup;
			path = GainsIQMobileTests;
			sourceTree = "<group>";
		};
		234544572E29F22200DA22C9 /* GainsIQMobileUITests */ = {
			isa = PBXFileSystemSynchronizedRootGroup;
			path = GainsIQMobileUITests;
			sourceTree = "<group>";
		};
/* End PBXFileSystemSynchronizedRootGroup section */

/* Begin PBXFrameworksBuildPhase section */
		2345443A2E29F22000DA22C9 /* Frameworks */ = {
			isa = PBXFrameworksBuildPhase;
			buildActionMask = 2147483647;
			files = (
			);
			runOnlyForDeploymentPostprocessing = 0;
		};
		234544472E29F22200DA22C9 /* Frameworks */ = {
			isa = PBXFrameworksBuildPhase;
			buildActionMask = 2147483647;
			files = (
			);
			runOnlyForDeploymentPostprocessing = 0;
		};
		234544512E29F22200DA22C9 /* Frameworks */ = {
			isa = PBXFrameworksBuildPhase;
			buildActionMask = 2147483647;
			files = (
			);
			runOnlyForDeploymentPostprocessing = 0;
		};
/* End PBXFrameworksBuildPhase section */

/* Begin PBXGroup section */
		234544342E29F22000DA22C9 = {
			isa = PBXGroup;
			children = (
				2345443F2E29F22000DA22C9 /* GainsIQMobile */,
				2345444D2E29F22200DA22C9 /* GainsIQMobileTests */,
				234544572E29F22200DA22C9 /* GainsIQMobileUITests */,
				2345443E2E29F22000DA22C9 /* Products */,
			);
			sourceTree = "<group>";
		};
		2345443E2E29F22000DA22C9 /* Products */ = {
			isa = PBXGroup;
			children = (
				2345443D2E29F22000DA22C9 /* GainsIQMobile.app */,
				2345444A2E29F22200DA22C9 /* GainsIQMobileTests.xctest */,
				234544542E29F22200DA22C9 /* GainsIQMobileUITests.xctest */,
			);
			name = Products;
			sourceTree = "<group>";
		};
/* End PBXGroup section */

/* Begin PBXNativeTarget section */
		2345443C2E29F22000DA22C9 /* GainsIQMobile */ = {
			isa = PBXNativeTarget;
			buildConfigurationList = 2345445E2E29F22200DA22C9 /* Build configuration list for PBXNativeTarget "GainsIQMobile" */;
			buildPhases = (
				234544392E29F22000DA22C9 /* Sources */,
				2345443A2E29F22000DA22C9 /* Frameworks */,
				2345443B2E29F22000DA22C9 /* Resources */,
			);
			buildRules = (
			);
			dependencies = (
			);
			fileSystemSynchronizedGroups = (
				2345443F2E29F22000DA22C9 /* GainsIQMobile */,
			);
			name = GainsIQMobile;
			packageProductDependencies = (
			);
			productName = GainsIQMobile;
			productReference = 2345443D2E29F22000DA22C9 /* GainsIQMobile.app */;
			productType = "com.apple.product-type.application";
		};
		234544492E29F22200DA22C9 /* GainsIQMobileTests */ = {
			isa = PBXNativeTarget;
			buildConfigurationList = 234544612E29F22200DA22C9 /* Build configuration list for PBXNativeTarget "GainsIQMobileTests" */;
			buildPhases = (
				234544462E29F22200DA22C9 /* Sources */,
				234544472E29F22200DA22C9 /* Frameworks */,
				234544482E29F22200DA22C9 /* Resources */,
			);
			buildRules = (
			);
			dependencies = (
				2345444C2E29F22200DA22C9 /* PBXTargetDependency */,
			);
			fileSystemSynchronizedGroups = (
				2345444D2E29F22200DA22C9 /* GainsIQMobileTests */,
			);
			name = GainsIQMobileTests;
			packageProductDependencies = (
			);
			productName = GainsIQMobileTests;
			productReference = 2345444A2E29F22200DA22C9 /* GainsIQMobileTests.xctest */;
			productType = "com.apple.product-type.bundle.unit-test";
		};
		234544532E29F22200DA22C9 /* GainsIQMobileUITests */ = {
			isa = PBXNativeTarget;
			buildConfigurationList = 234544642E29F22200DA22C9 /* Build configuration list for PBXNativeTarget "GainsIQMobileUITests" */;
			buildPhases = (
				234544502E29F22200DA22C9 /* Sources */,
				234544512E29F22200DA22C9 /* Frameworks */,
				234544522E29F22200DA22C9 /* Resources */,
			);
			buildRules = (
			);
			dependencies = (
				234544562E29F22200DA22C9 /* PBXTargetDependency */,
			);
			fileSystemSynchronizedGroups = (
				234544572E29F22200DA22C9 /* GainsIQMobileUITests */,
			);
			name = GainsIQMobileUITests;
			packageProductDependencies = (
			);
			productName = GainsIQMobileUITests;
			productReference = 234544542E29F22200DA22C9 /* GainsIQMobileUITests.xctest */;
			productType = "com.apple.product-type.bundle.ui-testing";
		};
/* End PBXNativeTarget section */

/* Begin PBXProject section */
		234544352E29F22000DA22C9 /* Project object */ = {
			isa = PBXProject;
			attributes = {
				BuildIndependentTargetsInParallel = 1;
				LastSwiftUpdateCheck = 1640;
				LastUpgradeCheck = 1640;
				TargetAttributes = {
					2345443C2E29F22000DA22C9 = {
						CreatedOnToolsVersion = 16.4;
					};
					234544492E29F22200DA22C9 = {
						CreatedOnToolsVersion = 16.4;
						TestTargetID = 2345443C2E29F22000DA22C9;
					};
					234544532E29F22200DA22C9 = {
						CreatedOnToolsVersion = 16.4;
						TestTargetID = 2345443C2E29F22000DA22C9;
					};
				};
			};
			buildConfigurationList = 234544382E29F22000DA22C9 /* Build configuration list for PBXProject "GainsIQMobile" */;
			developmentRegion = en;
			hasScannedForEncodings = 0;
			knownRegions = (
				en,
				Base,
			);
			mainGroup = 234544342E29F22000DA22C9;
			minimizedProjectReferenceProxies = 1;
			preferredProjectObjectVersion = 77;
			productRefGroup = 2345443E2E29F22000DA22C9 /* Products */;
			projectDirPath = "";
			projectRoot = "";
			targets = (
				2345443C2E29F22000DA22C9 /* GainsIQMobile */,
				234544492E29F22200DA22C9 /* GainsIQMobileTests */,
				234544532E29F22200DA22C9 /* GainsIQMobileUITests */,
			);
		};
/* End PBXProject section */

/* Begin PBXResourcesBuildPhase section */
		2345443B2E29F22000DA22C9 /* Resources */ = {
			isa = PBXResourcesBuildPhase;
			buildActionMask = 2147483647;
			files = (
			);
			runOnlyForDeploymentPostprocessing = 0;
		};
		234544482E29F22200DA22C9 /* Resources */ = {
			isa = PBXResourcesBuildPhase;
			buildActionMask = 2147483647;
			files = (
			);
			runOnlyForDeploymentPostprocessing = 0;
		};
		234544522E29F22200DA22C9 /* Resources */ = {
			isa = PBXResourcesBuildPhase;
			buildActionMask = 2147483647;
			files = (
			);
			runOnlyForDeploymentPostprocessing = 0;
		};
/* End PBXResourcesBuildPhase section */

/* Begin PBXSourcesBuildPhase section */
		234544392E29F22000DA22C9 /* Sources */ = {
			isa = PBXSourcesBuildPhase;
			buildActionMask = 2147483647;
			files = (
			);
			runOnlyForDeploymentPostprocessing = 0;
		};
		234544462E29F22200DA22C9 /* Sources */ = {
			isa = PBXSourcesBuildPhase;
			buildActionMask = 2147483647;
			files = (
			);
			runOnlyForDeploymentPostprocessing = 0;
		};
		234544502E29F22200DA22C9 /* Sources */ = {
			isa = PBXSourcesBuildPhase;
			buildActionMask = 2147483647;
			files = (
			);
			runOnlyForDeploymentPostprocessing = 0;
		};
/* End PBXSourcesBuildPhase section */

/* Begin PBXTargetDependency section */
		2345444C2E29F22200DA22C9 /* PBXTargetDependency */ = {
			isa = PBXTargetDependency;
			target = 2345443C2E29F22000DA22C9 /* GainsIQMobile */;
			targetProxy = 2345444B2E29F22200DA22C9 /* PBXContainerItemProxy */;
		};
		234544562E29F22200DA22C9 /* PBXTargetDependency */ = {
			isa = PBXTargetDependency;
			target = 2345443C2E29F22000DA22C9 /* GainsIQMobile */;
			targetProxy = 234544552E29F22200DA22C9 /* PBXContainerItemProxy */;
		};
/* End PBXTargetDependency section */

/* Begin XCBuildConfiguration section */
		2345445C2E29F22200DA22C9 /* Debug */ = {
			isa = XCBuildConfiguration;
			buildSettings = {
				ALWAYS_SEARCH_USER_PATHS = NO;
				ASSETCATALOG_COMPILER_GENERATE_SWIFT_ASSET_SYMBOL_EXTENSIONS = YES;
				CLANG_ANALYZER_NONNULL = YES;
				CLANG_ANALYZER_NUMBER_OBJECT_CONVERSION = YES_AGGRESSIVE;
				CLANG_CXX_LANGUAGE_STANDARD = "gnu++20";
				CLANG_ENABLE_MODULES = YES;
				CLANG_ENABLE_OBJC_ARC = YES;
				CLANG_ENABLE_OBJC_WEAK = YES;
				CLANG_WARN_BLOCK_CAPTURE_AUTORELEASING = YES;
				CLANG_WARN_BOOL_CONVERSION = YES;
				CLANG_WARN_COMMA = YES;
				CLANG_WARN_CONSTANT_CONVERSION = YES;
				CLANG_WARN_DEPRECATED_OBJC_IMPLEMENTATIONS = YES;
				CLANG_WARN_DIRECT_OBJC_ISA_USAGE = YES_ERROR;
				CLANG_WARN_DOCUMENTATION_COMMENTS = YES;
				CLANG_WARN_EMPTY_BODY = YES;
				CLANG_WARN_ENUM_CONVERSION = YES;
				CLANG_WARN_INFINITE_RECURSION = YES;
				CLANG_WARN_INT_CONVERSION = YES;
				CLANG_WARN_NON_LITERAL_NULL_CONVERSION = YES;
				CLANG_WARN_OBJC_IMPLICIT_RETAIN_SELF = YES;
				CLANG_WARN_OBJC_LITERAL_CONVERSION = YES;
				CLANG_WARN_OBJC_ROOT_CLASS = YES_ERROR;
				CLANG_WARN_QUOTED_INCLUDE_IN_FRAMEWORK_HEADER = YES;
				CLANG_WARN_RANGE_LOOP_ANALYSIS = YES;
				CLANG_WARN_STRICT_PROTOTYPES = YES;
				CLANG_WARN_SUSPICIOUS_MOVE = YES;
				CLANG_WARN_UNGUARDED_AVAILABILITY = YES_AGGRESSIVE;
				CLANG_WARN_UNREACHABLE_CODE = YES;
				CLANG_WARN__DUPLICATE_METHOD_MATCH = YES;
				COPY_PHASE_STRIP = NO;
				DEBUG_INFORMATION_FORMAT = dwarf;
				ENABLE_STRICT_OBJC_MSGSEND = YES;
				ENABLE_TESTABILITY = YES;
				ENABLE_USER_SCRIPT_SANDBOXING = YES;
				GCC_C_LANGUAGE_STANDARD = gnu17;
				GCC_DYNAMIC_NO_PIC = NO;
				GCC_NO_COMMON_BLOCKS = YES;
				GCC_OPTIMIZATION_LEVEL = 0;
				GCC_PREPROCESSOR_DEFINITIONS = (
					"DEBUG=1",
					"$(inherited)",
				);
				GCC_WARN_64_TO_32_BIT_CONVERSION = YES;
				GCC_WARN_ABOUT_RETURN_TYPE = YES_ERROR;
				GCC_WARN_UNDECLARED_SELECTOR = YES;
				GCC_WARN_UNINITIALIZED_AUTOS = YES_AGGRESSIVE;
				GCC_WARN_UNUSED_FUNCTION = YES;
				GCC_WARN_UNUSED_VARIABLE = YES;
				IPHONEOS_DEPLOYMENT_TARGET = 18.5;
				LOCALIZATION_PREFERS_STRING_CATALOGS = YES;
				MTL_ENABLE_DEBUG_INFO = INCLUDE_SOURCE;
				MTL_FAST_MATH = YES;
				ONLY_ACTIVE_ARCH = YES;
				SDKROOT = iphoneos;
				SWIFT_ACTIVE_COMPILATION_CONDITIONS = "DEBUG $(inherited)";
				SWIFT_OPTIMIZATION_LEVEL = "-Onone";
			};
			name = Debug;
		};
		2345445D2E29F22200DA22C9 /* Release */ = {
			isa = XCBuildConfiguration;
			buildSettings = {
				ALWAYS_SEARCH_USER_PATHS = NO;
				ASSETCATALOG_COMPILER_GENERATE_SWIFT_ASSET_SYMBOL_EXTENSIONS = YES;
				CLANG_ANALYZER_NONNULL = YES;
				CLANG_ANALYZER_NUMBER_OBJECT_CONVERSION = YES_AGGRESSIVE;
				CLANG_CXX_LANGUAGE_STANDARD = "gnu++20";
				CLANG_ENABLE_MODULES = YES;
				CLANG_ENABLE_OBJC_ARC = YES;
				CLANG_ENABLE_OBJC_WEAK = YES;
				CLANG_WARN_BLOCK_CAPTURE_AUTORELEASING = YES;
				CLANG_WARN_BOOL_CONVERSION = YES;
				CLANG_WARN_COMMA = YES;
				CLANG_WARN_CONSTANT_CONVERSION = YES;
				CLANG_WARN_DEPRECATED_OBJC_IMPLEMENTATIONS = YES;
				CLANG_WARN_DIRECT_OBJC_ISA_USAGE = YES_ERROR;
				CLANG_WARN_DOCUMENTATION_COMMENTS = YES;
				CLANG_WARN_EMPTY_BODY = YES;
				CLANG_WARN_ENUM_CONVERSION = YES;
				CLANG_WARN_INFINITE_RECURSION = YES;
				CLANG_WARN_INT_CONVERSION = YES;
				CLANG_WARN_NON_LITERAL_NULL_CONVERSION = YES;
				CLANG_WARN_OBJC_IMPLICIT_RETAIN_SELF = YES;
				CLANG_WARN_OBJC_LITERAL_CONVERSION = YES;
				CLANG_WARN_OBJC_ROOT_CLASS = YES_ERROR;
				CLANG_WARN_QUOTED_INCLUDE_IN_FRAMEWORK_HEADER = YES;
				CLANG_WARN_RANGE_LOOP_ANALYSIS = YES;
				CLANG_WARN_STRICT_PROTOTYPES = YES;
				CLANG_WARN_SUSPICIOUS_MOVE = YES;
				CLANG_WARN_UNGUARDED_AVAILABILITY = YES_AGGRESSIVE;
				CLANG_WARN_UNREACHABLE_CODE = YES;
				CLANG_WARN__DUPLICATE_METHOD_MATCH = YES;
				COPY_PHASE_STRIP = NO;
				DEBUG_INFORMATION_FORMAT = "dwarf-with-dsym";
				ENABLE_NS_ASSERTIONS = NO;
				ENABLE_STRICT_OBJC_MSGSEND = YES;
				ENABLE_USER_SCRIPT_SANDBOXING = YES;
				GCC_C_LANGUAGE_STANDARD = gnu17;
				GCC_NO_COMMON_BLOCKS = YES;
				GCC_WARN_64_TO_32_BIT_CONVERSION = YES;
				GCC_WARN_ABOUT_RETURN_TYPE = YES_ERROR;
				GCC_WARN_UNDECLARED_SELECTOR = YES;
				GCC_WARN_UNINITIALIZED_AUTOS = YES_AGGRESSIVE;
				GCC_WARN_UNUSED_FUNCTION = YES;
				GCC_WARN_UNUSED_VARIABLE = YES;
				IPHONEOS_DEPLOYMENT_TARGET = 18.5;
				LOCALIZATION_PREFERS_STRING_CATALOGS = YES;
				MTL_ENABLE_DEBUG_INFO = NO;
				MTL_FAST_MATH = YES;
				SDKROOT = iphoneos;
				SWIFT_COMPILATION_MODE = wholemodule;
				VALIDATE_PRODUCT = YES;
			};
			name = Release;
		};
		2345445F2E29F22200DA22C9 /* Debug */ = {
			isa = XCBuildConfiguration;
			buildSettings = {
				ASSETCATALOG_COMPILER_APPICON_NAME = AppIcon;
				ASSETCATALOG_COMPILER_GLOBAL_ACCENT_COLOR_NAME = AccentColor;
				CODE_SIGN_STYLE = Automatic;
				CURRENT_PROJECT_VERSION = 1;
				ENABLE_PREVIEWS = YES;
				GENERATE_INFOPLIST_FILE = YES;
				INFOPLIST_KEY_UIApplicationSceneManifest_Generation = YES;
				INFOPLIST_KEY_UIApplicationSupportsIndirectInputEvents = YES;
				INFOPLIST_KEY_UILaunchScreen_Generation = YES;
				INFOPLIST_KEY_UISupportedInterfaceOrientations_iPad = "UIInterfaceOrientationPortrait UIInterfaceOrientationPortraitUpsideDown UIInterfaceOrientationLandscapeLeft UIInterfaceOrientationLandscapeRight";
				INFOPLIST_KEY_UISupportedInterfaceOrientations_iPhone = "UIInterfaceOrientationPortrait UIInterfaceOrientationLandscapeLeft UIInterfaceOrientationLandscapeRight";
				LD_RUNPATH_SEARCH_PATHS = (
					"$(inherited)",
					"@executable_path/Frameworks",
				);
				MARKETING_VERSION = 1.0;
				PRODUCT_BUNDLE_IDENTIFIER = robbiehammond.GainsIQMobile;
				PRODUCT_NAME = "$(TARGET_NAME)";
				SWIFT_EMIT_LOC_STRINGS = YES;
				SWIFT_VERSION = 5.0;
				TARGETED_DEVICE_FAMILY = "1,2";
			};
			name = Debug;
		};
		234544602E29F22200DA22C9 /* Release */ = {
			isa = XCBuildConfiguration;
			buildSettings = {
				ASSETCATALOG_COMPILER_APPICON_NAME = AppIcon;
				ASSETCATALOG_COMPILER_GLOBAL_ACCENT_COLOR_NAME = AccentColor;
				CODE_SIGN_STYLE = Automatic;
				CURRENT_PROJECT_VERSION = 1;
				ENABLE_PREVIEWS = YES;
				GENERATE_INFOPLIST_FILE = YES;
				INFOPLIST_KEY_UIApplicationSceneManifest_Generation = YES;
				INFOPLIST_KEY_UIApplicationSupportsIndirectInputEvents = YES;
				INFOPLIST_KEY_UILaunchScreen_Generation = YES;
				INFOPLIST_KEY_UISupportedInterfaceOrientations_iPad = "UIInterfaceOrientationPortrait UIInterfaceOrientationPortraitUpsideDown UIInterfaceOrientationLandscapeLeft UIInterfaceOrientationLandscapeRight";
				INFOPLIST_KEY_UISupportedInterfaceOrientations_iPhone = "UIInterfaceOrientationPortrait UIInterfaceOrientationLandscapeLeft UIInterfaceOrientationLandscapeRight";
				LD_RUNPATH_SEARCH_PATHS = (
					"$(inherited)",
					"@executable_path/Frameworks",
				);
				MARKETING_VERSION = 1.0;
				PRODUCT_BUNDLE_IDENTIFIER = robbiehammond.GainsIQMobile;
				PRODUCT_NAME = "$(TARGET_NAME)";
				SWIFT_EMIT_LOC_STRINGS = YES;
				SWIFT_VERSION = 5.0;
				TARGETED_DEVICE_FAMILY = "1,2";
			};
			name = Release;
		};
		234544622E29F22200DA22C9 /* Debug */ = {
			isa = XCBuildConfiguration;
			buildSettings = {
				BUNDLE_LOADER = "$(TEST_HOST)";
				CODE_SIGN_STYLE = Automatic;
				CURRENT_PROJECT_VERSION = 1;
				GENERATE_INFOPLIST_FILE = YES;
				IPHONEOS_DEPLOYMENT_TARGET = 18.5;
				MARKETING_VERSION = 1.0;
				PRODUCT_BUNDLE_IDENTIFIER = robbiehammond.GainsIQMobileTests;
				PRODUCT_NAME = "$(TARGET_NAME)";
				SWIFT_EMIT_LOC_STRINGS = NO;
				SWIFT_VERSION = 5.0;
				TARGETED_DEVICE_FAMILY = "1,2";
				TEST_HOST = "$(BUILT_PRODUCTS_DIR)/GainsIQMobile.app/$(BUNDLE_EXECUTABLE_FOLDER_PATH)/GainsIQMobile";
			};
			name = Debug;
		};
		234544632E29F22200DA22C9 /* Release */ = {
			isa = XCBuildConfiguration;
			buildSettings = {
				BUNDLE_LOADER = "$(TEST_HOST)";
				CODE_SIGN_STYLE = Automatic;
				CURRENT_PROJECT_VERSION = 1;
				GENERATE_INFOPLIST_FILE = YES;
				IPHONEOS_DEPLOYMENT_TARGET = 18.5;
				MARKETING_VERSION = 1.0;
				PRODUCT_BUNDLE_IDENTIFIER = robbiehammond.GainsIQMobileTests;
				PRODUCT_NAME = "$(TARGET_NAME)";
				SWIFT_EMIT_LOC_STRINGS = NO;
				SWIFT_VERSION = 5.0;
				TARGETED_DEVICE_FAMILY = "1,2";
				TEST_HOST = "$(BUILT_PRODUCTS_DIR)/GainsIQMobile.app/$(BUNDLE_EXECUTABLE_FOLDER_PATH)/GainsIQMobile";
			};
			name = Release;
		};
		234544652E29F22200DA22C9 /* Debug */ = {
			isa = XCBuildConfiguration;
			buildSettings = {
				CODE_SIGN_STYLE = Automatic;
				CURRENT_PROJECT_VERSION = 1;
				GENERATE_INFOPLIST_FILE = YES;
				MARKETING_VERSION = 1.0;
				PRODUCT_BUNDLE_IDENTIFIER = robbiehammond.GainsIQMobileUITests;
				PRODUCT_NAME = "$(TARGET_NAME)";
				SWIFT_EMIT_LOC_STRINGS = NO;
				SWIFT_VERSION = 5.0;
				TARGETED_DEVICE_FAMILY = "1,2";
				TEST_TARGET_NAME = GainsIQMobile;
			};
			name = Debug;
		};
		234544662E29F22200DA22C9 /* Release */ = {
			isa = XCBuildConfiguration;
			buildSettings = {
				CODE_SIGN_STYLE = Automatic;
				CURRENT_PROJECT_VERSION = 1;
				GENERATE_INFOPLIST_FILE = YES;
				MARKETING_VERSION = 1.0;
				PRODUCT_BUNDLE_IDENTIFIER = robbiehammond.GainsIQMobileUITests;
				PRODUCT_NAME = "$(TARGET_NAME)";
				SWIFT_EMIT_LOC_STRINGS = NO;
				SWIFT_VERSION = 5.0;
				TARGETED_DEVICE_FAMILY = "1,2";
				TEST_TARGET_NAME = GainsIQMobile;
			};
			name = Release;
		};
/* End XCBuildConfiguration section */

/* Begin XCConfigurationList section */
		234544382E29F22000DA22C9 /* Build configuration list for PBXProject "GainsIQMobile" */ = {
			isa = XCConfigurationList;
			buildConfigurations = (
				2345445C2E29F22200DA22C9 /* Debug */,
				2345445D2E29F22200DA22C9 /* Release */,
			);
			defaultConfigurationIsVisible = 0;
			defaultConfigurationName = Release;
		};
		2345445E2E29F22200DA22C9 /* Build configuration list for PBXNativeTarget "GainsIQMobile" */ = {
			isa = XCConfigurationList;
			buildConfigurations = (
				2345445F2E29F22200DA22C9 /* Debug */,
				234544602E29F22200DA22C9 /* Release */,
			);
			defaultConfigurationIsVisible = 0;
			defaultConfigurationName = Release;
		};
		234544612E29F22200DA22C9 /* Build configuration list for PBXNativeTarget "GainsIQMobileTests" */ = {
			isa = XCConfigurationList;
			buildConfigurations = (
				234544622E29F22200DA22C9 /* Debug */,
				234544632E29F22200DA22C9 /* Release */,
			);
			defaultConfigurationIsVisible = 0;
			defaultConfigurationName = Release;
		};
		234544642E29F22200DA22C9 /* Build configuration list for PBXNativeTarget "GainsIQMobileUITests" */ = {
			isa = XCConfigurationList;
			buildConfigurations = (
				234544652E29F22200DA22C9 /* Debug */,
				234544662E29F22200DA22C9 /* Release */,
			);
			defaultConfigurationIsVisible = 0;
			defaultConfigurationName = Release;
		};
/* End XCConfigurationList section */
	};
	rootObject = 234544352E29F22000DA22C9 /* Project object */;
}
